github.com/tantranaraya/gomodule v1.0.0 h1:C549VL8ftH4v66FB2DGG488xFOrhEqc0AaPZq/wT/z4=
github.com/tantranaraya/gomodule v1.0.0/go.mod h1:CLw6CmfpvFD3tLQ6RLELxdJ4i5sFT+IfU76OX4Pvp2k=
github.com/tantranaraya/gomodule v1.0.2 h1:Yjw1YjMFXcUAqMPMghI5UKbl855V2AwrznMJ/q9QiRM=
github.com/tantranaraya/gomodule v1.0.2/go.mod h1:CLw6CmfpvFD3tLQ6RLELxdJ4i5sFT+IfU76OX4Pvp2k=
